
Microsoft Visual Studio Solution File, Format Version 12.00
Project("{FAE04EC0-301F-11D3-BF4B-00C04F79EFBC}") = "Cen.Wms.Host.Console", "Cen.Wms.Host.Console\Cen.Wms.Host.Console.csproj", "{61EBB105-C18A-48DD-B283-295A43029B37}"
EndProject
Project("{FAE04EC0-301F-11D3-BF4B-00C04F79EFBC}") = "Cen.Common", "Cen.Common\Cen.Common.csproj", "{F156A664-33ED-4FF8-921B-D5DD3B4C9E29}"
EndProject
Project("{FAE04EC0-301F-11D3-BF4B-00C04F79EFBC}") = "Cen.Common.Http.Server", "Cen.Common.Http.Server\Cen.Common.Http.Server.csproj", "{66E794E9-76C4-4D13-9ED3-B0223D36AC9A}"
EndProject
Project("{FAE04EC0-301F-11D3-BF4B-00C04F79EFBC}") = "Novell.Directory.Ldap.NETStandard", "Novell.Directory.Ldap.NETStandard\Novell.Directory.Ldap.NETStandard.csproj", "{9FAEA6B1-9BBC-4703-9C85-D39653BBD655}"
EndProject
Project("{FAE04EC0-301F-11D3-BF4B-00C04F79EFBC}") = "Cen.Wms.Domain.Purchase", "Cen.Wms.Domain.Purchase\Cen.Wms.Domain.Purchase.csproj", "{8DAEC5DE-FC29-4BD9-99ED-5010572D89ED}"
EndProject
Project("{FAE04EC0-301F-11D3-BF4B-00C04F79EFBC}") = "Cen.Wms.Domain.Purchase.Api", "Cen.Wms.Domain.Purchase.Api\Cen.Wms.Domain.Purchase.Api.csproj", "{9D154556-0AC2-4592-B844-27ECE791033B}"
EndProject
Project("{FAE04EC0-301F-11D3-BF4B-00C04F79EFBC}") = "Cen.Wms.Domain.Auth.Providers", "Cen.Wms.Domain.Auth.Providers\Cen.Wms.Domain.Auth.Providers.csproj", "{8D7D0261-D18A-4637-ABF9-F259189414F7}"
EndProject
Project("{FAE04EC0-301F-11D3-BF4B-00C04F79EFBC}") = "Cen.Wms.Domain.Auth.Providers.Fake", "Cen.Wms.Domain.Auth.Providers.Fake\Cen.Wms.Domain.Auth.Providers.Fake.csproj", "{71264475-C07E-4C92-B652-693E49753FCA}"
EndProject
Project("{FAE04EC0-301F-11D3-BF4B-00C04F79EFBC}") = "Cen.Wms.Domain.Auth.Providers.Ldap", "Cen.Wms.Domain.Auth.Providers.Ldap\Cen.Wms.Domain.Auth.Providers.Ldap.csproj", "{7DCFFE7B-340B-4F34-B3BF-5B2E407CBD2A}"
EndProject
Project("{FAE04EC0-301F-11D3-BF4B-00C04F79EFBC}") = "Cen.Common.Http.Client", "Cen.Common.Http.Client\Cen.Common.Http.Client.csproj", "{C7AAAFD2-55B1-415D-A008-203A3481D75C}"
EndProject
Project("{FAE04EC0-301F-11D3-BF4B-00C04F79EFBC}") = "Cen.Wms.Domain.Auth.Providers.LsFusion", "Cen.Wms.Domain.Auth.Providers.LsFusion\Cen.Wms.Domain.Auth.Providers.LsFusion.csproj", "{F34818CE-57C4-4099-A5FB-0818CDAA3A7C}"
EndProject
Project("{FAE04EC0-301F-11D3-BF4B-00C04F79EFBC}") = "Cen.Wms.Host.Sync", "Cen.Wms.Host.Sync\Cen.Wms.Host.Sync.csproj", "{9F04696E-1851-4F4D-B74E-F90F6611CEE2}"
EndProject
Project("{FAE04EC0-301F-11D3-BF4B-00C04F79EFBC}") = "Cen.Wms.Domain.Auth.Api", "Cen.Wms.Domain.Auth.Api\Cen.Wms.Domain.Auth.Api.csproj", "{7D46EFED-F65C-4F26-9461-2F050B74427A}"
EndProject
Project("{FAE04EC0-301F-11D3-BF4B-00C04F79EFBC}") = "Cen.Wms.Domain.Sync", "Cen.Wms.Domain.Sync\Cen.Wms.Domain.Sync.csproj", "{45C5CC74-F58C-43A8-A98D-F700D6552E4A}"
EndProject
Project("{FAE04EC0-301F-11D3-BF4B-00C04F79EFBC}") = "Cen.Wms.Domain.Sync.Api", "Cen.Wms.Domain.Sync.Api\Cen.Wms.Domain.Sync.Api.csproj", "{DD22E41E-20FA-455C-848C-DBDE2D658CA8}"
EndProject
Project("{FAE04EC0-301F-11D3-BF4B-00C04F79EFBC}") = "Cen.Common.Sync", "Cen.Common.Sync\Cen.Common.Sync.csproj", "{1A913C4C-8475-4A1D-A44B-D2ECD6781DB9}"
EndProject
Project("{FAE04EC0-301F-11D3-BF4B-00C04F79EFBC}") = "Cen.Common.Crypto", "Cen.Common.Crypto\Cen.Common.Crypto.csproj", "{577848E9-9BD8-4B00-9940-D1C87BDBEE71}"
EndProject
Project("{FAE04EC0-301F-11D3-BF4B-00C04F79EFBC}") = "Cen.Common.CQRS", "Cen.Common.CQRS\Cen.Common.CQRS.csproj", "{9839CACD-F740-4800-BFE0-37F73FEED41F}"
EndProject
Project("{FAE04EC0-301F-11D3-BF4B-00C04F79EFBC}") = "NodaTime.Serialization.SystemTextJson.Custom", "NodaTime.Serialization.SystemTextJson.Custom\NodaTime.Serialization.SystemTextJson.Custom.csproj", "{F6CA80A3-6AF3-40D1-B6A9-99E2526D3303}"
EndProject
Project("{FAE04EC0-301F-11D3-BF4B-00C04F79EFBC}") = "Cen.Common.Http.Server.CQRS", "Cen.Common.Http.Server.CQRS\Cen.Common.Http.Server.CQRS.csproj", "{BF366D20-9EBB-42D4-A885-69D6BD4A8504}"
EndProject
Project("{FAE04EC0-301F-11D3-BF4B-00C04F79EFBC}") = "Cen.IdentityModel.EdDsa", "Cen.IdentityModel.EdDsa\Cen.IdentityModel.EdDsa.csproj", "{E852CAB6-B1DB-4DD2-8DBC-03BBA4A2A0A4}"
EndProject
Project("{FAE04EC0-301F-11D3-BF4B-00C04F79EFBC}") = "Cen.Wms.Domain.Device.Manage", "Cen.Wms.Domain.Device.Manage\Cen.Wms.Domain.Device.Manage.csproj", "{CD4C76F4-0EEA-48C2-911C-C0C027590C8F}"
EndProject
Project("{FAE04EC0-301F-11D3-BF4B-00C04F79EFBC}") = "Cen.Wms.Domain.Device.Manage.Api", "Cen.Wms.Domain.Device.Manage.Api\Cen.Wms.Domain.Device.Manage.Api.csproj", "{C9AF6064-8D40-433E-8321-8CE149925766}"
EndProject
Project("{FAE04EC0-301F-11D3-BF4B-00C04F79EFBC}") = "Cen.Common.Domain", "Cen.Common.Domain\Cen.Common.Domain.csproj", "{1D0A3CDB-81A2-4840-8B6C-B90FA8B558B5}"
EndProject
Project("{2150E333-8FDC-42A3-9474-1A3956D46DE8}") = "Common", "Common", "{500057FE-3038-4BCA-B40D-289660CF1F22}"
EndProject
Project("{2150E333-8FDC-42A3-9474-1A3956D46DE8}") = "Auth", "Auth", "{BEC60BFE-9609-43A7-BFB8-9D4747AEDB7A}"
EndProject
Project("{2150E333-8FDC-42A3-9474-1A3956D46DE8}") = "Device", "Device", "{7F8FAA79-736F-4177-8CE8-3D667B69234A}"
EndProject
Project("{2150E333-8FDC-42A3-9474-1A3956D46DE8}") = "Purchase", "Purchase", "{04C43BAC-90C7-4619-8028-9D46CB516210}"
EndProject
Project("{2150E333-8FDC-42A3-9474-1A3956D46DE8}") = "Sync", "Sync", "{DBC39D41-6C15-4B20-8FB7-91D430D60879}"
EndProject
Project("{FAE04EC0-301F-11D3-BF4B-00C04F79EFBC}") = "Cen.Wms.Domain.User.Manage", "Cen.Wms.Domain.User.Manage\Cen.Wms.Domain.User.Manage.csproj", "{D789B048-25AF-43C5-87AC-57375A2903CC}"
EndProject
Project("{FAE04EC0-301F-11D3-BF4B-00C04F79EFBC}") = "Cen.Wms.Domain.User.Manage.Api", "Cen.Wms.Domain.User.Manage.Api\Cen.Wms.Domain.User.Manage.Api.csproj", "{ECA07B70-FBD2-447D-94EB-E128F1456A71}"
EndProject
Project("{FAE04EC0-301F-11D3-BF4B-00C04F79EFBC}") = "Cen.Wms.Domain.User.Config", "Cen.Wms.Domain.User.Config\Cen.Wms.Domain.User.Config.csproj", "{E10F0B0E-6054-458A-AEB2-EEACF859D33F}"
EndProject
Project("{FAE04EC0-301F-11D3-BF4B-00C04F79EFBC}") = "Cen.Wms.Domain.User.Config.Api", "Cen.Wms.Domain.User.Config.Api\Cen.Wms.Domain.User.Config.Api.csproj", "{252F74FE-4EEC-46E2-8BF1-B10114D65A46}"
EndProject
Project("{2150E333-8FDC-42A3-9474-1A3956D46DE8}") = "User", "User", "{259CFD27-AB09-4626-B6A0-B848C17A9726}"
EndProject
Project("{2150E333-8FDC-42A3-9474-1A3956D46DE8}") = "Facility", "Facility", "{7B0CEBD9-355A-4560-9071-F939C4614AAF}"
EndProject
Project("{FAE04EC0-301F-11D3-BF4B-00C04F79EFBC}") = "Cen.Wms.Domain.Facility.Config", "Cen.Wms.Domain.Facility.Config\Cen.Wms.Domain.Facility.Config.csproj", "{C038E1AF-398B-4AA0-A853-46AF20D5E5BA}"
EndProject
Project("{FAE04EC0-301F-11D3-BF4B-00C04F79EFBC}") = "Cen.Wms.Domain.Facility.Config.Api", "Cen.Wms.Domain.Facility.Config.Api\Cen.Wms.Domain.Facility.Config.Api.csproj", "{B2CF7F17-EF2E-4241-A4ED-CF6FD8DE6B4C}"
EndProject
Project("{FAE04EC0-301F-11D3-BF4B-00C04F79EFBC}") = "Cen.Wms.Domain.Facility.Manage", "Cen.Wms.Domain.Facility.Manage\Cen.Wms.Domain.Facility.Manage.csproj", "{6E47E08F-4532-4AA3-8808-68F6D2207DEA}"
EndProject
Project("{FAE04EC0-301F-11D3-BF4B-00C04F79EFBC}") = "Cen.Wms.Domain.Facility.Manage.Api", "Cen.Wms.Domain.Facility.Manage.Api\Cen.Wms.Domain.Facility.Manage.Api.csproj", "{04230E34-3A43-43BD-A74C-CBC88D5F9CE2}"
EndProject
Project("{FAE04EC0-301F-11D3-BF4B-00C04F79EFBC}") = "Cen.Wms.Domain.Facility.Access", "Cen.Wms.Domain.Facility.Access\Cen.Wms.Domain.Facility.Access.csproj", "{EDC057A4-556E-4CED-A69B-B60B445BF222}"
EndProject
Project("{FAE04EC0-301F-11D3-BF4B-00C04F79EFBC}") = "Cen.Wms.Domain.Facility.Access.Api", "Cen.Wms.Domain.Facility.Access.Api\Cen.Wms.Domain.Facility.Access.Api.csproj", "{4DE5F144-6B77-4F9C-9AB1-73AFE64512D9}"
EndProject
Project("{FAE04EC0-301F-11D3-BF4B-00C04F79EFBC}") = "Cen.Wms.Domain.Sync.Providers.Internal", "Cen.Wms.Domain.Sync.Providers.Internal\Cen.Wms.Domain.Sync.Providers.Internal.csproj", "{E4E8B438-12F4-4789-87AD-7C7F18B72E67}"
EndProject
Project("{FAE04EC0-301F-11D3-BF4B-00C04F79EFBC}") = "Cen.Wms.Domain.Sync.Api.Dtos", "Cen.Wms.Domain.Sync.Api.Dtos\Cen.Wms.Domain.Sync.Api.Dtos.csproj", "{B7BFF9C2-041A-4A27-9D41-2C8CEDDB4D1B}"
EndProject
Project("{FAE04EC0-301F-11D3-BF4B-00C04F79EFBC}") = "Cen.Wms.Domain.Sync.Providers.LsFusion", "Cen.Wms.Domain.Sync.Providers.LsFusion\Cen.Wms.Domain.Sync.Providers.LsFusion.csproj", "{A6C8654D-D2CB-4381-89C7-BC8F44166A82}"
EndProject
Project("{FAE04EC0-301F-11D3-BF4B-00C04F79EFBC}") = "Cen.Common.Data.DataSource", "Cen.Common.Data.DataSource\Cen.Common.Data.DataSource.csproj", "{083C0B8C-905D-4150-9B6F-48D8048017F7}"
EndProject
Project("{FAE04EC0-301F-11D3-BF4B-00C04F79EFBC}") = "Cen.Common.Http.Server.OpenApi", "Cen.Common.Http.Server.OpenApi\Cen.Common.Http.Server.OpenApi.csproj", "{A8C75215-D176-4C38-982A-3F422CB1DD64}"
EndProject
Project("{FAE04EC0-301F-11D3-BF4B-00C04F79EFBC}") = "Cen.Common.Http.Server.CQRS.OpenApi", "Cen.Common.Http.Server.CQRS.OpenApi\Cen.Common.Http.Server.CQRS.OpenApi.csproj", "{E9FBBE0B-3E96-4DC9-8543-B1ED1A1C92C6}"
EndProject
Project("{FAE04EC0-301F-11D3-BF4B-00C04F79EFBC}") = "Cen.Common.Data.EntityFramework", "Cen.Common.Data.EntityFramework\Cen.Common.Data.EntityFramework.csproj", "{DFA08FDC-3031-4527-B99A-3F3039F967F5}"
EndProject
Project("{FAE04EC0-301F-11D3-BF4B-00C04F79EFBC}") = "Cen.Common.Ioc", "Cen.Common.Ioc\Cen.Common.Ioc.csproj", "{572A6F04-FFA8-453C-A269-A386D16EB336}"
EndProject
Project("{FAE04EC0-301F-11D3-BF4B-00C04F79EFBC}") = "Cen.Common.Ioc.Npgsql", "Cen.Common.Ioc.Npgsql\Cen.Common.Ioc.Npgsql.csproj", "{ADEEC3CD-0125-40BB-A228-4F4540953EB7}"
EndProject
Project("{FAE04EC0-301F-11D3-BF4B-00C04F79EFBC}") = "Cen.Common.Configuration", "Cen.Common.Configuration\Cen.Common.Configuration.csproj", "{695F8AEC-CF37-463C-ABFF-475DF422F31B}"
EndProject
Project("{FAE04EC0-301F-11D3-BF4B-00C04F79EFBC}") = "Cen.Common.Errors", "Cen.Common.Errors\Cen.Common.Errors.csproj", "{AB005EF4-8BAC-4E86-9F34-0858067B48F6}"
EndProject
Project("{FAE04EC0-301F-11D3-BF4B-00C04F79EFBC}") = "Cen.Common.Data.DataSource.AgGrid", "Cen.Common.Data.DataSource.AgGrid\Cen.Common.Data.DataSource.AgGrid.csproj", "{0015A527-D59B-4749-8CF9-62E39196038F}"
EndProject
Project("{FAE04EC0-301F-11D3-BF4B-00C04F79EFBC}") = "Cen.Common.Mapping", "Cen.Common.Mapping\Cen.Common.Mapping.csproj", "{4560313D-AA46-4C39-A281-E1E8E367B906}"
EndProject
Project("{FAE04EC0-301F-11D3-BF4B-00C04F79EFBC}") = "Cen.Wms.Common", "Cen.Wms.Common\Cen.Wms.Common.csproj", "{D023C9FF-2C5A-4F25-83BB-5B61EC4F6E29}"
EndProject
Project("{FAE04EC0-301F-11D3-BF4B-00C04F79EFBC}") = "Cen.Wms.Data", "Cen.Wms.Data\Cen.Wms.Data.csproj", "{8C7929AE-EDCC-4C32-8569-495F18B78A72}"
EndProject
Project("{FAE04EC0-301F-11D3-BF4B-00C04F79EFBC}") = "Cen.Wms.Data.Migrations", "Cen.Wms.Data.Migrations\Cen.Wms.Data.Migrations.csproj", "{50E0D1A0-E648-4EAE-81F1-9778268121CF}"
EndProject
Project("{FAE04EC0-301F-11D3-BF4B-00C04F79EFBC}") = "Cen.Wms.Data.Migrations.Console", "Cen.Wms.Data.Migrations.Console\Cen.Wms.Data.Migrations.Console.csproj", "{65CA9611-5CC9-4420-AC53-2D7BDE981B13}"
EndProject
Project("{FAE04EC0-301F-11D3-BF4B-00C04F79EFBC}") = "Cen.Common.Data.Sql", "Cen.Common.Data.Sql\Cen.Common.Data.Sql.csproj", "{8DF8511A-5AC0-47B7-BA6A-6F5B421919BC}"
EndProject
Project("{FAE04EC0-301F-11D3-BF4B-00C04F79EFBC}") = "Cen.Wms.Domain.User.Manage.Store.EntityFramework", "Cen.Wms.Domain.User.Manage.Store.EntityFramework\Cen.Wms.Domain.User.Manage.Store.EntityFramework.csproj", "{60C1919E-92B5-4613-B902-F916525513C3}"
EndProject
Project("{FAE04EC0-301F-11D3-BF4B-00C04F79EFBC}") = "Cen.Wms.Domain.Facility.Manage.Store.EntityFramework", "Cen.Wms.Domain.Facility.Manage.Store.EntityFramework\Cen.Wms.Domain.Facility.Manage.Store.EntityFramework.csproj", "{A88E033D-9CA6-4840-B1FD-9DBE873DB6A6}"
EndProject
Project("{FAE04EC0-301F-11D3-BF4B-00C04F79EFBC}") = "Cen.Wms.Domain.Facility.Config.Store.EntityFramework", "Cen.Wms.Domain.Facility.Config.Store.EntityFramework\Cen.Wms.Domain.Facility.Config.Store.EntityFramework.csproj", "{554C9764-5918-4243-9B65-390F56990797}"
EndProject
Project("{FAE04EC0-301F-11D3-BF4B-00C04F79EFBC}") = "Cen.Wms.Domain.Facility.Access.Store.EntityFramework", "Cen.Wms.Domain.Facility.Access.Store.EntityFramework\Cen.Wms.Domain.Facility.Access.Store.EntityFramework.csproj", "{2AF5E347-F0D8-489C-9EFF-FEBDBB802616}"
EndProject
Project("{FAE04EC0-301F-11D3-BF4B-00C04F79EFBC}") = "Cen.Wms.Domain.User.Config.Store.EntityFramework", "Cen.Wms.Domain.User.Config.Store.EntityFramework\Cen.Wms.Domain.User.Config.Store.EntityFramework.csproj", "{19B61FB9-5F9E-400F-BFBD-03E522C67E09}"
EndProject
Project("{FAE04EC0-301F-11D3-BF4B-00C04F79EFBC}") = "Cen.Wms.Domain.Device.Manage.Store.EntityFramework", "Cen.Wms.Domain.Device.Manage.Store.EntityFramework\Cen.Wms.Domain.Device.Manage.Store.EntityFramework.csproj", "{CE19E0B2-F65E-4D7B-9821-B36C09810268}"
EndProject
Project("{FAE04EC0-301F-11D3-BF4B-00C04F79EFBC}") = "Cen.Wms.Domain.Sync.Providers.EntityFramework", "Cen.Wms.Domain.Sync.Providers.EntityFramework\Cen.Wms.Domain.Sync.Providers.EntityFramework.csproj", "{601D71B1-622C-4815-BB79-15AA87AF4C08}"
EndProject
Project("{FAE04EC0-301F-11D3-BF4B-00C04F79EFBC}") = "Cen.Wms.Domain.Purchase.Manage.Store.EntityFramework", "Cen.Wms.Domain.Purchase.Manage.Store.EntityFramework\Cen.Wms.Domain.Purchase.Manage.Store.EntityFramework.csproj", "{B10253F5-D2D6-4798-8A18-2A1ECFCB774D}"
EndProject
Project("{FAE04EC0-301F-11D3-BF4B-00C04F79EFBC}") = "Cen.Wms.Domain.Sync.Providers.Fake", "Cen.Wms.Domain.Sync.Providers.Fake\Cen.Wms.Domain.Sync.Providers.Fake.csproj", "{63BAA9BE-B203-4F65-88E7-2951555BC47B}"
EndProject
Global
	GlobalSection(SolutionConfigurationPlatforms) = preSolution
		Debug|Any CPU = Debug|Any CPU
		Release|Any CPU = Release|Any CPU
	EndGlobalSection
	GlobalSection(ProjectConfigurationPlatforms) = postSolution
		{61EBB105-C18A-48DD-B283-295A43029B37}.Debug|Any CPU.ActiveCfg = Debug|Any CPU
		{61EBB105-C18A-48DD-B283-295A43029B37}.Debug|Any CPU.Build.0 = Debug|Any CPU
		{61EBB105-C18A-48DD-B283-295A43029B37}.Release|Any CPU.ActiveCfg = Release|Any CPU
		{61EBB105-C18A-48DD-B283-295A43029B37}.Release|Any CPU.Build.0 = Release|Any CPU
		{F156A664-33ED-4FF8-921B-D5DD3B4C9E29}.Debug|Any CPU.ActiveCfg = Debug|Any CPU
		{F156A664-33ED-4FF8-921B-D5DD3B4C9E29}.Debug|Any CPU.Build.0 = Debug|Any CPU
		{F156A664-33ED-4FF8-921B-D5DD3B4C9E29}.Release|Any CPU.ActiveCfg = Release|Any CPU
		{F156A664-33ED-4FF8-921B-D5DD3B4C9E29}.Release|Any CPU.Build.0 = Release|Any CPU
		{66E794E9-76C4-4D13-9ED3-B0223D36AC9A}.Debug|Any CPU.ActiveCfg = Debug|Any CPU
		{66E794E9-76C4-4D13-9ED3-B0223D36AC9A}.Debug|Any CPU.Build.0 = Debug|Any CPU
		{66E794E9-76C4-4D13-9ED3-B0223D36AC9A}.Release|Any CPU.ActiveCfg = Release|Any CPU
		{66E794E9-76C4-4D13-9ED3-B0223D36AC9A}.Release|Any CPU.Build.0 = Release|Any CPU
		{9FAEA6B1-9BBC-4703-9C85-D39653BBD655}.Debug|Any CPU.ActiveCfg = Debug|Any CPU
		{9FAEA6B1-9BBC-4703-9C85-D39653BBD655}.Debug|Any CPU.Build.0 = Debug|Any CPU
		{9FAEA6B1-9BBC-4703-9C85-D39653BBD655}.Release|Any CPU.ActiveCfg = Release|Any CPU
		{9FAEA6B1-9BBC-4703-9C85-D39653BBD655}.Release|Any CPU.Build.0 = Release|Any CPU
		{8DAEC5DE-FC29-4BD9-99ED-5010572D89ED}.Debug|Any CPU.ActiveCfg = Debug|Any CPU
		{8DAEC5DE-FC29-4BD9-99ED-5010572D89ED}.Debug|Any CPU.Build.0 = Debug|Any CPU
		{8DAEC5DE-FC29-4BD9-99ED-5010572D89ED}.Release|Any CPU.ActiveCfg = Release|Any CPU
		{8DAEC5DE-FC29-4BD9-99ED-5010572D89ED}.Release|Any CPU.Build.0 = Release|Any CPU
		{9D154556-0AC2-4592-B844-27ECE791033B}.Debug|Any CPU.ActiveCfg = Debug|Any CPU
		{9D154556-0AC2-4592-B844-27ECE791033B}.Debug|Any CPU.Build.0 = Debug|Any CPU
		{9D154556-0AC2-4592-B844-27ECE791033B}.Release|Any CPU.ActiveCfg = Release|Any CPU
		{9D154556-0AC2-4592-B844-27ECE791033B}.Release|Any CPU.Build.0 = Release|Any CPU
		{8D7D0261-D18A-4637-ABF9-F259189414F7}.Debug|Any CPU.ActiveCfg = Debug|Any CPU
		{8D7D0261-D18A-4637-ABF9-F259189414F7}.Debug|Any CPU.Build.0 = Debug|Any CPU
		{8D7D0261-D18A-4637-ABF9-F259189414F7}.Release|Any CPU.ActiveCfg = Release|Any CPU
		{8D7D0261-D18A-4637-ABF9-F259189414F7}.Release|Any CPU.Build.0 = Release|Any CPU
		{71264475-C07E-4C92-B652-693E49753FCA}.Debug|Any CPU.ActiveCfg = Debug|Any CPU
		{71264475-C07E-4C92-B652-693E49753FCA}.Debug|Any CPU.Build.0 = Debug|Any CPU
		{71264475-C07E-4C92-B652-693E49753FCA}.Release|Any CPU.ActiveCfg = Release|Any CPU
		{71264475-C07E-4C92-B652-693E49753FCA}.Release|Any CPU.Build.0 = Release|Any CPU
		{7DCFFE7B-340B-4F34-B3BF-5B2E407CBD2A}.Debug|Any CPU.ActiveCfg = Debug|Any CPU
		{7DCFFE7B-340B-4F34-B3BF-5B2E407CBD2A}.Debug|Any CPU.Build.0 = Debug|Any CPU
		{7DCFFE7B-340B-4F34-B3BF-5B2E407CBD2A}.Release|Any CPU.ActiveCfg = Release|Any CPU
		{7DCFFE7B-340B-4F34-B3BF-5B2E407CBD2A}.Release|Any CPU.Build.0 = Release|Any CPU
		{C7AAAFD2-55B1-415D-A008-203A3481D75C}.Debug|Any CPU.ActiveCfg = Debug|Any CPU
		{C7AAAFD2-55B1-415D-A008-203A3481D75C}.Debug|Any CPU.Build.0 = Debug|Any CPU
		{C7AAAFD2-55B1-415D-A008-203A3481D75C}.Release|Any CPU.ActiveCfg = Release|Any CPU
		{C7AAAFD2-55B1-415D-A008-203A3481D75C}.Release|Any CPU.Build.0 = Release|Any CPU
		{F34818CE-57C4-4099-A5FB-0818CDAA3A7C}.Debug|Any CPU.ActiveCfg = Debug|Any CPU
		{F34818CE-57C4-4099-A5FB-0818CDAA3A7C}.Debug|Any CPU.Build.0 = Debug|Any CPU
		{F34818CE-57C4-4099-A5FB-0818CDAA3A7C}.Release|Any CPU.ActiveCfg = Release|Any CPU
		{F34818CE-57C4-4099-A5FB-0818CDAA3A7C}.Release|Any CPU.Build.0 = Release|Any CPU
		{9F04696E-1851-4F4D-B74E-F90F6611CEE2}.Debug|Any CPU.ActiveCfg = Debug|Any CPU
		{9F04696E-1851-4F4D-B74E-F90F6611CEE2}.Debug|Any CPU.Build.0 = Debug|Any CPU
		{9F04696E-1851-4F4D-B74E-F90F6611CEE2}.Release|Any CPU.ActiveCfg = Release|Any CPU
		{9F04696E-1851-4F4D-B74E-F90F6611CEE2}.Release|Any CPU.Build.0 = Release|Any CPU
		{7D46EFED-F65C-4F26-9461-2F050B74427A}.Debug|Any CPU.ActiveCfg = Debug|Any CPU
		{7D46EFED-F65C-4F26-9461-2F050B74427A}.Debug|Any CPU.Build.0 = Debug|Any CPU
		{7D46EFED-F65C-4F26-9461-2F050B74427A}.Release|Any CPU.ActiveCfg = Release|Any CPU
		{7D46EFED-F65C-4F26-9461-2F050B74427A}.Release|Any CPU.Build.0 = Release|Any CPU
		{45C5CC74-F58C-43A8-A98D-F700D6552E4A}.Debug|Any CPU.ActiveCfg = Debug|Any CPU
		{45C5CC74-F58C-43A8-A98D-F700D6552E4A}.Debug|Any CPU.Build.0 = Debug|Any CPU
		{45C5CC74-F58C-43A8-A98D-F700D6552E4A}.Release|Any CPU.ActiveCfg = Release|Any CPU
		{45C5CC74-F58C-43A8-A98D-F700D6552E4A}.Release|Any CPU.Build.0 = Release|Any CPU
		{DD22E41E-20FA-455C-848C-DBDE2D658CA8}.Debug|Any CPU.ActiveCfg = Debug|Any CPU
		{DD22E41E-20FA-455C-848C-DBDE2D658CA8}.Debug|Any CPU.Build.0 = Debug|Any CPU
		{DD22E41E-20FA-455C-848C-DBDE2D658CA8}.Release|Any CPU.ActiveCfg = Release|Any CPU
		{DD22E41E-20FA-455C-848C-DBDE2D658CA8}.Release|Any CPU.Build.0 = Release|Any CPU
		{1A913C4C-8475-4A1D-A44B-D2ECD6781DB9}.Debug|Any CPU.ActiveCfg = Debug|Any CPU
		{1A913C4C-8475-4A1D-A44B-D2ECD6781DB9}.Debug|Any CPU.Build.0 = Debug|Any CPU
		{1A913C4C-8475-4A1D-A44B-D2ECD6781DB9}.Release|Any CPU.ActiveCfg = Release|Any CPU
		{1A913C4C-8475-4A1D-A44B-D2ECD6781DB9}.Release|Any CPU.Build.0 = Release|Any CPU
		{577848E9-9BD8-4B00-9940-D1C87BDBEE71}.Debug|Any CPU.ActiveCfg = Debug|Any CPU
		{577848E9-9BD8-4B00-9940-D1C87BDBEE71}.Debug|Any CPU.Build.0 = Debug|Any CPU
		{577848E9-9BD8-4B00-9940-D1C87BDBEE71}.Release|Any CPU.ActiveCfg = Release|Any CPU
		{577848E9-9BD8-4B00-9940-D1C87BDBEE71}.Release|Any CPU.Build.0 = Release|Any CPU
		{9839CACD-F740-4800-BFE0-37F73FEED41F}.Debug|Any CPU.ActiveCfg = Debug|Any CPU
		{9839CACD-F740-4800-BFE0-37F73FEED41F}.Debug|Any CPU.Build.0 = Debug|Any CPU
		{9839CACD-F740-4800-BFE0-37F73FEED41F}.Release|Any CPU.ActiveCfg = Release|Any CPU
		{9839CACD-F740-4800-BFE0-37F73FEED41F}.Release|Any CPU.Build.0 = Release|Any CPU
		{F6CA80A3-6AF3-40D1-B6A9-99E2526D3303}.Debug|Any CPU.ActiveCfg = Debug|Any CPU
		{F6CA80A3-6AF3-40D1-B6A9-99E2526D3303}.Debug|Any CPU.Build.0 = Debug|Any CPU
		{F6CA80A3-6AF3-40D1-B6A9-99E2526D3303}.Release|Any CPU.ActiveCfg = Release|Any CPU
		{F6CA80A3-6AF3-40D1-B6A9-99E2526D3303}.Release|Any CPU.Build.0 = Release|Any CPU
		{BF366D20-9EBB-42D4-A885-69D6BD4A8504}.Debug|Any CPU.ActiveCfg = Debug|Any CPU
		{BF366D20-9EBB-42D4-A885-69D6BD4A8504}.Debug|Any CPU.Build.0 = Debug|Any CPU
		{BF366D20-9EBB-42D4-A885-69D6BD4A8504}.Release|Any CPU.ActiveCfg = Release|Any CPU
		{BF366D20-9EBB-42D4-A885-69D6BD4A8504}.Release|Any CPU.Build.0 = Release|Any CPU
		{E852CAB6-B1DB-4DD2-8DBC-03BBA4A2A0A4}.Debug|Any CPU.ActiveCfg = Debug|Any CPU
		{E852CAB6-B1DB-4DD2-8DBC-03BBA4A2A0A4}.Debug|Any CPU.Build.0 = Debug|Any CPU
		{E852CAB6-B1DB-4DD2-8DBC-03BBA4A2A0A4}.Release|Any CPU.ActiveCfg = Release|Any CPU
		{E852CAB6-B1DB-4DD2-8DBC-03BBA4A2A0A4}.Release|Any CPU.Build.0 = Release|Any CPU
		{CD4C76F4-0EEA-48C2-911C-C0C027590C8F}.Debug|Any CPU.ActiveCfg = Debug|Any CPU
		{CD4C76F4-0EEA-48C2-911C-C0C027590C8F}.Debug|Any CPU.Build.0 = Debug|Any CPU
		{CD4C76F4-0EEA-48C2-911C-C0C027590C8F}.Release|Any CPU.ActiveCfg = Release|Any CPU
		{CD4C76F4-0EEA-48C2-911C-C0C027590C8F}.Release|Any CPU.Build.0 = Release|Any CPU
		{C9AF6064-8D40-433E-8321-8CE149925766}.Debug|Any CPU.ActiveCfg = Debug|Any CPU
		{C9AF6064-8D40-433E-8321-8CE149925766}.Debug|Any CPU.Build.0 = Debug|Any CPU
		{C9AF6064-8D40-433E-8321-8CE149925766}.Release|Any CPU.ActiveCfg = Release|Any CPU
		{C9AF6064-8D40-433E-8321-8CE149925766}.Release|Any CPU.Build.0 = Release|Any CPU
		{1D0A3CDB-81A2-4840-8B6C-B90FA8B558B5}.Debug|Any CPU.ActiveCfg = Debug|Any CPU
		{1D0A3CDB-81A2-4840-8B6C-B90FA8B558B5}.Debug|Any CPU.Build.0 = Debug|Any CPU
		{1D0A3CDB-81A2-4840-8B6C-B90FA8B558B5}.Release|Any CPU.ActiveCfg = Release|Any CPU
		{1D0A3CDB-81A2-4840-8B6C-B90FA8B558B5}.Release|Any CPU.Build.0 = Release|Any CPU
		{D789B048-25AF-43C5-87AC-57375A2903CC}.Debug|Any CPU.ActiveCfg = Debug|Any CPU
		{D789B048-25AF-43C5-87AC-57375A2903CC}.Debug|Any CPU.Build.0 = Debug|Any CPU
		{D789B048-25AF-43C5-87AC-57375A2903CC}.Release|Any CPU.ActiveCfg = Release|Any CPU
		{D789B048-25AF-43C5-87AC-57375A2903CC}.Release|Any CPU.Build.0 = Release|Any CPU
		{ECA07B70-FBD2-447D-94EB-E128F1456A71}.Debug|Any CPU.ActiveCfg = Debug|Any CPU
		{ECA07B70-FBD2-447D-94EB-E128F1456A71}.Debug|Any CPU.Build.0 = Debug|Any CPU
		{ECA07B70-FBD2-447D-94EB-E128F1456A71}.Release|Any CPU.ActiveCfg = Release|Any CPU
		{ECA07B70-FBD2-447D-94EB-E128F1456A71}.Release|Any CPU.Build.0 = Release|Any CPU
		{E10F0B0E-6054-458A-AEB2-EEACF859D33F}.Debug|Any CPU.ActiveCfg = Debug|Any CPU
		{E10F0B0E-6054-458A-AEB2-EEACF859D33F}.Debug|Any CPU.Build.0 = Debug|Any CPU
		{E10F0B0E-6054-458A-AEB2-EEACF859D33F}.Release|Any CPU.ActiveCfg = Release|Any CPU
		{E10F0B0E-6054-458A-AEB2-EEACF859D33F}.Release|Any CPU.Build.0 = Release|Any CPU
		{252F74FE-4EEC-46E2-8BF1-B10114D65A46}.Debug|Any CPU.ActiveCfg = Debug|Any CPU
		{252F74FE-4EEC-46E2-8BF1-B10114D65A46}.Debug|Any CPU.Build.0 = Debug|Any CPU
		{252F74FE-4EEC-46E2-8BF1-B10114D65A46}.Release|Any CPU.ActiveCfg = Release|Any CPU
		{252F74FE-4EEC-46E2-8BF1-B10114D65A46}.Release|Any CPU.Build.0 = Release|Any CPU
		{C038E1AF-398B-4AA0-A853-46AF20D5E5BA}.Debug|Any CPU.ActiveCfg = Debug|Any CPU
		{C038E1AF-398B-4AA0-A853-46AF20D5E5BA}.Debug|Any CPU.Build.0 = Debug|Any CPU
		{C038E1AF-398B-4AA0-A853-46AF20D5E5BA}.Release|Any CPU.ActiveCfg = Release|Any CPU
		{C038E1AF-398B-4AA0-A853-46AF20D5E5BA}.Release|Any CPU.Build.0 = Release|Any CPU
		{B2CF7F17-EF2E-4241-A4ED-CF6FD8DE6B4C}.Debug|Any CPU.ActiveCfg = Debug|Any CPU
		{B2CF7F17-EF2E-4241-A4ED-CF6FD8DE6B4C}.Debug|Any CPU.Build.0 = Debug|Any CPU
		{B2CF7F17-EF2E-4241-A4ED-CF6FD8DE6B4C}.Release|Any CPU.ActiveCfg = Release|Any CPU
		{B2CF7F17-EF2E-4241-A4ED-CF6FD8DE6B4C}.Release|Any CPU.Build.0 = Release|Any CPU
		{6E47E08F-4532-4AA3-8808-68F6D2207DEA}.Debug|Any CPU.ActiveCfg = Debug|Any CPU
		{6E47E08F-4532-4AA3-8808-68F6D2207DEA}.Debug|Any CPU.Build.0 = Debug|Any CPU
		{6E47E08F-4532-4AA3-8808-68F6D2207DEA}.Release|Any CPU.ActiveCfg = Release|Any CPU
		{6E47E08F-4532-4AA3-8808-68F6D2207DEA}.Release|Any CPU.Build.0 = Release|Any CPU
		{04230E34-3A43-43BD-A74C-CBC88D5F9CE2}.Debug|Any CPU.ActiveCfg = Debug|Any CPU
		{04230E34-3A43-43BD-A74C-CBC88D5F9CE2}.Debug|Any CPU.Build.0 = Debug|Any CPU
		{04230E34-3A43-43BD-A74C-CBC88D5F9CE2}.Release|Any CPU.ActiveCfg = Release|Any CPU
		{04230E34-3A43-43BD-A74C-CBC88D5F9CE2}.Release|Any CPU.Build.0 = Release|Any CPU
		{EDC057A4-556E-4CED-A69B-B60B445BF222}.Debug|Any CPU.ActiveCfg = Debug|Any CPU
		{EDC057A4-556E-4CED-A69B-B60B445BF222}.Debug|Any CPU.Build.0 = Debug|Any CPU
		{EDC057A4-556E-4CED-A69B-B60B445BF222}.Release|Any CPU.ActiveCfg = Release|Any CPU
		{EDC057A4-556E-4CED-A69B-B60B445BF222}.Release|Any CPU.Build.0 = Release|Any CPU
		{4DE5F144-6B77-4F9C-9AB1-73AFE64512D9}.Debug|Any CPU.ActiveCfg = Debug|Any CPU
		{4DE5F144-6B77-4F9C-9AB1-73AFE64512D9}.Debug|Any CPU.Build.0 = Debug|Any CPU
		{4DE5F144-6B77-4F9C-9AB1-73AFE64512D9}.Release|Any CPU.ActiveCfg = Release|Any CPU
		{4DE5F144-6B77-4F9C-9AB1-73AFE64512D9}.Release|Any CPU.Build.0 = Release|Any CPU
		{E4E8B438-12F4-4789-87AD-7C7F18B72E67}.Debug|Any CPU.ActiveCfg = Debug|Any CPU
		{E4E8B438-12F4-4789-87AD-7C7F18B72E67}.Debug|Any CPU.Build.0 = Debug|Any CPU
		{E4E8B438-12F4-4789-87AD-7C7F18B72E67}.Release|Any CPU.ActiveCfg = Release|Any CPU
		{E4E8B438-12F4-4789-87AD-7C7F18B72E67}.Release|Any CPU.Build.0 = Release|Any CPU
		{B7BFF9C2-041A-4A27-9D41-2C8CEDDB4D1B}.Debug|Any CPU.ActiveCfg = Debug|Any CPU
		{B7BFF9C2-041A-4A27-9D41-2C8CEDDB4D1B}.Debug|Any CPU.Build.0 = Debug|Any CPU
		{B7BFF9C2-041A-4A27-9D41-2C8CEDDB4D1B}.Release|Any CPU.ActiveCfg = Release|Any CPU
		{B7BFF9C2-041A-4A27-9D41-2C8CEDDB4D1B}.Release|Any CPU.Build.0 = Release|Any CPU
		{A6C8654D-D2CB-4381-89C7-BC8F44166A82}.Debug|Any CPU.ActiveCfg = Debug|Any CPU
		{A6C8654D-D2CB-4381-89C7-BC8F44166A82}.Debug|Any CPU.Build.0 = Debug|Any CPU
		{A6C8654D-D2CB-4381-89C7-BC8F44166A82}.Release|Any CPU.ActiveCfg = Release|Any CPU
		{A6C8654D-D2CB-4381-89C7-BC8F44166A82}.Release|Any CPU.Build.0 = Release|Any CPU
		{083C0B8C-905D-4150-9B6F-48D8048017F7}.Debug|Any CPU.ActiveCfg = Debug|Any CPU
		{083C0B8C-905D-4150-9B6F-48D8048017F7}.Debug|Any CPU.Build.0 = Debug|Any CPU
		{083C0B8C-905D-4150-9B6F-48D8048017F7}.Release|Any CPU.ActiveCfg = Release|Any CPU
		{083C0B8C-905D-4150-9B6F-48D8048017F7}.Release|Any CPU.Build.0 = Release|Any CPU
		{A8C75215-D176-4C38-982A-3F422CB1DD64}.Debug|Any CPU.ActiveCfg = Debug|Any CPU
		{A8C75215-D176-4C38-982A-3F422CB1DD64}.Debug|Any CPU.Build.0 = Debug|Any CPU
		{A8C75215-D176-4C38-982A-3F422CB1DD64}.Release|Any CPU.ActiveCfg = Release|Any CPU
		{A8C75215-D176-4C38-982A-3F422CB1DD64}.Release|Any CPU.Build.0 = Release|Any CPU
		{E9FBBE0B-3E96-4DC9-8543-B1ED1A1C92C6}.Debug|Any CPU.ActiveCfg = Debug|Any CPU
		{E9FBBE0B-3E96-4DC9-8543-B1ED1A1C92C6}.Debug|Any CPU.Build.0 = Debug|Any CPU
		{E9FBBE0B-3E96-4DC9-8543-B1ED1A1C92C6}.Release|Any CPU.ActiveCfg = Release|Any CPU
		{E9FBBE0B-3E96-4DC9-8543-B1ED1A1C92C6}.Release|Any CPU.Build.0 = Release|Any CPU
		{DFA08FDC-3031-4527-B99A-3F3039F967F5}.Debug|Any CPU.ActiveCfg = Debug|Any CPU
		{DFA08FDC-3031-4527-B99A-3F3039F967F5}.Debug|Any CPU.Build.0 = Debug|Any CPU
		{DFA08FDC-3031-4527-B99A-3F3039F967F5}.Release|Any CPU.ActiveCfg = Release|Any CPU
		{DFA08FDC-3031-4527-B99A-3F3039F967F5}.Release|Any CPU.Build.0 = Release|Any CPU
		{572A6F04-FFA8-453C-A269-A386D16EB336}.Debug|Any CPU.ActiveCfg = Debug|Any CPU
		{572A6F04-FFA8-453C-A269-A386D16EB336}.Debug|Any CPU.Build.0 = Debug|Any CPU
		{572A6F04-FFA8-453C-A269-A386D16EB336}.Release|Any CPU.ActiveCfg = Release|Any CPU
		{572A6F04-FFA8-453C-A269-A386D16EB336}.Release|Any CPU.Build.0 = Release|Any CPU
		{ADEEC3CD-0125-40BB-A228-4F4540953EB7}.Debug|Any CPU.ActiveCfg = Debug|Any CPU
		{ADEEC3CD-0125-40BB-A228-4F4540953EB7}.Debug|Any CPU.Build.0 = Debug|Any CPU
		{ADEEC3CD-0125-40BB-A228-4F4540953EB7}.Release|Any CPU.ActiveCfg = Release|Any CPU
		{ADEEC3CD-0125-40BB-A228-4F4540953EB7}.Release|Any CPU.Build.0 = Release|Any CPU
		{695F8AEC-CF37-463C-ABFF-475DF422F31B}.Debug|Any CPU.ActiveCfg = Debug|Any CPU
		{695F8AEC-CF37-463C-ABFF-475DF422F31B}.Debug|Any CPU.Build.0 = Debug|Any CPU
		{695F8AEC-CF37-463C-ABFF-475DF422F31B}.Release|Any CPU.ActiveCfg = Release|Any CPU
		{695F8AEC-CF37-463C-ABFF-475DF422F31B}.Release|Any CPU.Build.0 = Release|Any CPU
		{AB005EF4-8BAC-4E86-9F34-0858067B48F6}.Debug|Any CPU.ActiveCfg = Debug|Any CPU
		{AB005EF4-8BAC-4E86-9F34-0858067B48F6}.Debug|Any CPU.Build.0 = Debug|Any CPU
		{AB005EF4-8BAC-4E86-9F34-0858067B48F6}.Release|Any CPU.ActiveCfg = Release|Any CPU
		{AB005EF4-8BAC-4E86-9F34-0858067B48F6}.Release|Any CPU.Build.0 = Release|Any CPU
		{0015A527-D59B-4749-8CF9-62E39196038F}.Debug|Any CPU.ActiveCfg = Debug|Any CPU
		{0015A527-D59B-4749-8CF9-62E39196038F}.Debug|Any CPU.Build.0 = Debug|Any CPU
		{0015A527-D59B-4749-8CF9-62E39196038F}.Release|Any CPU.ActiveCfg = Release|Any CPU
		{0015A527-D59B-4749-8CF9-62E39196038F}.Release|Any CPU.Build.0 = Release|Any CPU
		{4560313D-AA46-4C39-A281-E1E8E367B906}.Debug|Any CPU.ActiveCfg = Debug|Any CPU
		{4560313D-AA46-4C39-A281-E1E8E367B906}.Debug|Any CPU.Build.0 = Debug|Any CPU
		{4560313D-AA46-4C39-A281-E1E8E367B906}.Release|Any CPU.ActiveCfg = Release|Any CPU
		{4560313D-AA46-4C39-A281-E1E8E367B906}.Release|Any CPU.Build.0 = Release|Any CPU
		{D023C9FF-2C5A-4F25-83BB-5B61EC4F6E29}.Debug|Any CPU.ActiveCfg = Debug|Any CPU
		{D023C9FF-2C5A-4F25-83BB-5B61EC4F6E29}.Debug|Any CPU.Build.0 = Debug|Any CPU
		{D023C9FF-2C5A-4F25-83BB-5B61EC4F6E29}.Release|Any CPU.ActiveCfg = Release|Any CPU
		{D023C9FF-2C5A-4F25-83BB-5B61EC4F6E29}.Release|Any CPU.Build.0 = Release|Any CPU
		{8C7929AE-EDCC-4C32-8569-495F18B78A72}.Debug|Any CPU.ActiveCfg = Debug|Any CPU
		{8C7929AE-EDCC-4C32-8569-495F18B78A72}.Debug|Any CPU.Build.0 = Debug|Any CPU
		{8C7929AE-EDCC-4C32-8569-495F18B78A72}.Release|Any CPU.ActiveCfg = Release|Any CPU
		{8C7929AE-EDCC-4C32-8569-495F18B78A72}.Release|Any CPU.Build.0 = Release|Any CPU
		{50E0D1A0-E648-4EAE-81F1-9778268121CF}.Debug|Any CPU.ActiveCfg = Debug|Any CPU
		{50E0D1A0-E648-4EAE-81F1-9778268121CF}.Debug|Any CPU.Build.0 = Debug|Any CPU
		{50E0D1A0-E648-4EAE-81F1-9778268121CF}.Release|Any CPU.ActiveCfg = Release|Any CPU
		{50E0D1A0-E648-4EAE-81F1-9778268121CF}.Release|Any CPU.Build.0 = Release|Any CPU
		{65CA9611-5CC9-4420-AC53-2D7BDE981B13}.Debug|Any CPU.ActiveCfg = Debug|Any CPU
		{65CA9611-5CC9-4420-AC53-2D7BDE981B13}.Debug|Any CPU.Build.0 = Debug|Any CPU
		{65CA9611-5CC9-4420-AC53-2D7BDE981B13}.Release|Any CPU.ActiveCfg = Release|Any CPU
		{65CA9611-5CC9-4420-AC53-2D7BDE981B13}.Release|Any CPU.Build.0 = Release|Any CPU
		{8DF8511A-5AC0-47B7-BA6A-6F5B421919BC}.Debug|Any CPU.ActiveCfg = Debug|Any CPU
		{8DF8511A-5AC0-47B7-BA6A-6F5B421919BC}.Debug|Any CPU.Build.0 = Debug|Any CPU
		{8DF8511A-5AC0-47B7-BA6A-6F5B421919BC}.Release|Any CPU.ActiveCfg = Release|Any CPU
		{8DF8511A-5AC0-47B7-BA6A-6F5B421919BC}.Release|Any CPU.Build.0 = Release|Any CPU
		{60C1919E-92B5-4613-B902-F916525513C3}.Debug|Any CPU.ActiveCfg = Debug|Any CPU
		{60C1919E-92B5-4613-B902-F916525513C3}.Debug|Any CPU.Build.0 = Debug|Any CPU
		{60C1919E-92B5-4613-B902-F916525513C3}.Release|Any CPU.ActiveCfg = Release|Any CPU
		{60C1919E-92B5-4613-B902-F916525513C3}.Release|Any CPU.Build.0 = Release|Any CPU
		{A88E033D-9CA6-4840-B1FD-9DBE873DB6A6}.Debug|Any CPU.ActiveCfg = Debug|Any CPU
		{A88E033D-9CA6-4840-B1FD-9DBE873DB6A6}.Debug|Any CPU.Build.0 = Debug|Any CPU
		{A88E033D-9CA6-4840-B1FD-9DBE873DB6A6}.Release|Any CPU.ActiveCfg = Release|Any CPU
		{A88E033D-9CA6-4840-B1FD-9DBE873DB6A6}.Release|Any CPU.Build.0 = Release|Any CPU
		{554C9764-5918-4243-9B65-390F56990797}.Debug|Any CPU.ActiveCfg = Debug|Any CPU
		{554C9764-5918-4243-9B65-390F56990797}.Debug|Any CPU.Build.0 = Debug|Any CPU
		{554C9764-5918-4243-9B65-390F56990797}.Release|Any CPU.ActiveCfg = Release|Any CPU
		{554C9764-5918-4243-9B65-390F56990797}.Release|Any CPU.Build.0 = Release|Any CPU
		{2AF5E347-F0D8-489C-9EFF-FEBDBB802616}.Debug|Any CPU.ActiveCfg = Debug|Any CPU
		{2AF5E347-F0D8-489C-9EFF-FEBDBB802616}.Debug|Any CPU.Build.0 = Debug|Any CPU
		{2AF5E347-F0D8-489C-9EFF-FEBDBB802616}.Release|Any CPU.ActiveCfg = Release|Any CPU
		{2AF5E347-F0D8-489C-9EFF-FEBDBB802616}.Release|Any CPU.Build.0 = Release|Any CPU
		{19B61FB9-5F9E-400F-BFBD-03E522C67E09}.Debug|Any CPU.ActiveCfg = Debug|Any CPU
		{19B61FB9-5F9E-400F-BFBD-03E522C67E09}.Debug|Any CPU.Build.0 = Debug|Any CPU
		{19B61FB9-5F9E-400F-BFBD-03E522C67E09}.Release|Any CPU.ActiveCfg = Release|Any CPU
		{19B61FB9-5F9E-400F-BFBD-03E522C67E09}.Release|Any CPU.Build.0 = Release|Any CPU
		{CE19E0B2-F65E-4D7B-9821-B36C09810268}.Debug|Any CPU.ActiveCfg = Debug|Any CPU
		{CE19E0B2-F65E-4D7B-9821-B36C09810268}.Debug|Any CPU.Build.0 = Debug|Any CPU
		{CE19E0B2-F65E-4D7B-9821-B36C09810268}.Release|Any CPU.ActiveCfg = Release|Any CPU
		{CE19E0B2-F65E-4D7B-9821-B36C09810268}.Release|Any CPU.Build.0 = Release|Any CPU
		{601D71B1-622C-4815-BB79-15AA87AF4C08}.Debug|Any CPU.ActiveCfg = Debug|Any CPU
		{601D71B1-622C-4815-BB79-15AA87AF4C08}.Debug|Any CPU.Build.0 = Debug|Any CPU
		{601D71B1-622C-4815-BB79-15AA87AF4C08}.Release|Any CPU.ActiveCfg = Release|Any CPU
		{601D71B1-622C-4815-BB79-15AA87AF4C08}.Release|Any CPU.Build.0 = Release|Any CPU
		{B10253F5-D2D6-4798-8A18-2A1ECFCB774D}.Debug|Any CPU.ActiveCfg = Debug|Any CPU
		{B10253F5-D2D6-4798-8A18-2A1ECFCB774D}.Debug|Any CPU.Build.0 = Debug|Any CPU
		{B10253F5-D2D6-4798-8A18-2A1ECFCB774D}.Release|Any CPU.ActiveCfg = Release|Any CPU
		{B10253F5-D2D6-4798-8A18-2A1ECFCB774D}.Release|Any CPU.Build.0 = Release|Any CPU
		{63BAA9BE-B203-4F65-88E7-2951555BC47B}.Debug|Any CPU.ActiveCfg = Debug|Any CPU
		{63BAA9BE-B203-4F65-88E7-2951555BC47B}.Debug|Any CPU.Build.0 = Debug|Any CPU
		{63BAA9BE-B203-4F65-88E7-2951555BC47B}.Release|Any CPU.ActiveCfg = Release|Any CPU
		{63BAA9BE-B203-4F65-88E7-2951555BC47B}.Release|Any CPU.Build.0 = Release|Any CPU
	EndGlobalSection
	GlobalSection(NestedProjects) = preSolution
		{F156A664-33ED-4FF8-921B-D5DD3B4C9E29} = {500057FE-3038-4BCA-B40D-289660CF1F22}
		{9839CACD-F740-4800-BFE0-37F73FEED41F} = {500057FE-3038-4BCA-B40D-289660CF1F22}
		{577848E9-9BD8-4B00-9940-D1C87BDBEE71} = {500057FE-3038-4BCA-B40D-289660CF1F22}
		{1D0A3CDB-81A2-4840-8B6C-B90FA8B558B5} = {500057FE-3038-4BCA-B40D-289660CF1F22}
		{C7AAAFD2-55B1-415D-A008-203A3481D75C} = {500057FE-3038-4BCA-B40D-289660CF1F22}
		{66E794E9-76C4-4D13-9ED3-B0223D36AC9A} = {500057FE-3038-4BCA-B40D-289660CF1F22}
		{BF366D20-9EBB-42D4-A885-69D6BD4A8504} = {500057FE-3038-4BCA-B40D-289660CF1F22}
		{1A913C4C-8475-4A1D-A44B-D2ECD6781DB9} = {500057FE-3038-4BCA-B40D-289660CF1F22}
		{E852CAB6-B1DB-4DD2-8DBC-03BBA4A2A0A4} = {500057FE-3038-4BCA-B40D-289660CF1F22}
		{9FAEA6B1-9BBC-4703-9C85-D39653BBD655} = {500057FE-3038-4BCA-B40D-289660CF1F22}
		{F6CA80A3-6AF3-40D1-B6A9-99E2526D3303} = {500057FE-3038-4BCA-B40D-289660CF1F22}
		{7D46EFED-F65C-4F26-9461-2F050B74427A} = {BEC60BFE-9609-43A7-BFB8-9D4747AEDB7A}
		{8D7D0261-D18A-4637-ABF9-F259189414F7} = {BEC60BFE-9609-43A7-BFB8-9D4747AEDB7A}
		{71264475-C07E-4C92-B652-693E49753FCA} = {BEC60BFE-9609-43A7-BFB8-9D4747AEDB7A}
		{7DCFFE7B-340B-4F34-B3BF-5B2E407CBD2A} = {BEC60BFE-9609-43A7-BFB8-9D4747AEDB7A}
		{F34818CE-57C4-4099-A5FB-0818CDAA3A7C} = {BEC60BFE-9609-43A7-BFB8-9D4747AEDB7A}
		{CD4C76F4-0EEA-48C2-911C-C0C027590C8F} = {7F8FAA79-736F-4177-8CE8-3D667B69234A}
		{C9AF6064-8D40-433E-8321-8CE149925766} = {7F8FAA79-736F-4177-8CE8-3D667B69234A}
		{8DAEC5DE-FC29-4BD9-99ED-5010572D89ED} = {04C43BAC-90C7-4619-8028-9D46CB516210}
		{9D154556-0AC2-4592-B844-27ECE791033B} = {04C43BAC-90C7-4619-8028-9D46CB516210}
		{45C5CC74-F58C-43A8-A98D-F700D6552E4A} = {DBC39D41-6C15-4B20-8FB7-91D430D60879}
		{DD22E41E-20FA-455C-848C-DBDE2D658CA8} = {DBC39D41-6C15-4B20-8FB7-91D430D60879}
		{9F04696E-1851-4F4D-B74E-F90F6611CEE2} = {DBC39D41-6C15-4B20-8FB7-91D430D60879}
		{E10F0B0E-6054-458A-AEB2-EEACF859D33F} = {259CFD27-AB09-4626-B6A0-B848C17A9726}
		{252F74FE-4EEC-46E2-8BF1-B10114D65A46} = {259CFD27-AB09-4626-B6A0-B848C17A9726}
		{D789B048-25AF-43C5-87AC-57375A2903CC} = {259CFD27-AB09-4626-B6A0-B848C17A9726}
		{ECA07B70-FBD2-447D-94EB-E128F1456A71} = {259CFD27-AB09-4626-B6A0-B848C17A9726}
		{C038E1AF-398B-4AA0-A853-46AF20D5E5BA} = {7B0CEBD9-355A-4560-9071-F939C4614AAF}
		{B2CF7F17-EF2E-4241-A4ED-CF6FD8DE6B4C} = {7B0CEBD9-355A-4560-9071-F939C4614AAF}
		{6E47E08F-4532-4AA3-8808-68F6D2207DEA} = {7B0CEBD9-355A-4560-9071-F939C4614AAF}
		{04230E34-3A43-43BD-A74C-CBC88D5F9CE2} = {7B0CEBD9-355A-4560-9071-F939C4614AAF}
		{EDC057A4-556E-4CED-A69B-B60B445BF222} = {7B0CEBD9-355A-4560-9071-F939C4614AAF}
		{4DE5F144-6B77-4F9C-9AB1-73AFE64512D9} = {7B0CEBD9-355A-4560-9071-F939C4614AAF}
		{E4E8B438-12F4-4789-87AD-7C7F18B72E67} = {DBC39D41-6C15-4B20-8FB7-91D430D60879}
		{B7BFF9C2-041A-4A27-9D41-2C8CEDDB4D1B} = {DBC39D41-6C15-4B20-8FB7-91D430D60879}
		{A6C8654D-D2CB-4381-89C7-BC8F44166A82} = {DBC39D41-6C15-4B20-8FB7-91D430D60879}
		{083C0B8C-905D-4150-9B6F-48D8048017F7} = {500057FE-3038-4BCA-B40D-289660CF1F22}
		{A8C75215-D176-4C38-982A-3F422CB1DD64} = {500057FE-3038-4BCA-B40D-289660CF1F22}
		{E9FBBE0B-3E96-4DC9-8543-B1ED1A1C92C6} = {500057FE-3038-4BCA-B40D-289660CF1F22}
		{DFA08FDC-3031-4527-B99A-3F3039F967F5} = {500057FE-3038-4BCA-B40D-289660CF1F22}
		{572A6F04-FFA8-453C-A269-A386D16EB336} = {500057FE-3038-4BCA-B40D-289660CF1F22}
		{ADEEC3CD-0125-40BB-A228-4F4540953EB7} = {500057FE-3038-4BCA-B40D-289660CF1F22}
		{695F8AEC-CF37-463C-ABFF-475DF422F31B} = {500057FE-3038-4BCA-B40D-289660CF1F22}
		{AB005EF4-8BAC-4E86-9F34-0858067B48F6} = {500057FE-3038-4BCA-B40D-289660CF1F22}
		{0015A527-D59B-4749-8CF9-62E39196038F} = {500057FE-3038-4BCA-B40D-289660CF1F22}
		{4560313D-AA46-4C39-A281-E1E8E367B906} = {500057FE-3038-4BCA-B40D-289660CF1F22}
		{8DF8511A-5AC0-47B7-BA6A-6F5B421919BC} = {500057FE-3038-4BCA-B40D-289660CF1F22}
		{60C1919E-92B5-4613-B902-F916525513C3} = {259CFD27-AB09-4626-B6A0-B848C17A9726}
		{A88E033D-9CA6-4840-B1FD-9DBE873DB6A6} = {7B0CEBD9-355A-4560-9071-F939C4614AAF}
		{554C9764-5918-4243-9B65-390F56990797} = {7B0CEBD9-355A-4560-9071-F939C4614AAF}
		{2AF5E347-F0D8-489C-9EFF-FEBDBB802616} = {7B0CEBD9-355A-4560-9071-F939C4614AAF}
		{19B61FB9-5F9E-400F-BFBD-03E522C67E09} = {259CFD27-AB09-4626-B6A0-B848C17A9726}
		{CE19E0B2-F65E-4D7B-9821-B36C09810268} = {7F8FAA79-736F-4177-8CE8-3D667B69234A}
		{601D71B1-622C-4815-BB79-15AA87AF4C08} = {DBC39D41-6C15-4B20-8FB7-91D430D60879}
		{B10253F5-D2D6-4798-8A18-2A1ECFCB774D} = {04C43BAC-90C7-4619-8028-9D46CB516210}
		{63BAA9BE-B203-4F65-88E7-2951555BC47B} = {DBC39D41-6C15-4B20-8FB7-91D430D60879}
	EndGlobalSection
EndGlobal
